
Microsoft Visual Studio Solution File, Format Version 12.00
Project("{F2A71F9B-5D33-465A-A702-920D77279786}") = "WinTail", "WinTail.fsproj", "{AE3D25BF-2EF7-4DBD-9112-9B70A9765441}"
EndProject
Global
	GlobalSection(SolutionConfigurationPlatforms) = preSolution
		Debug|Any CPU = Debug|Any CPU
		Release|Any CPU = Release|Any CPU
	EndGlobalSection
	GlobalSection(ProjectConfigurationPlatforms) = postSolution
		{AE3D25BF-2EF7-4DBD-9112-9B70A9765441}.Debug|Any CPU.ActiveCfg = Debug|Any CPU
		{AE3D25BF-2EF7-4DBD-9112-9B70A9765441}.Debug|Any CPU.Build.0 = Debug|Any CPU
		{AE3D25BF-2EF7-4DBD-9112-9B70A9765441}.Release|Any CPU.ActiveCfg = Release|Any CPU
		{AE3D25BF-2EF7-4DBD-9112-9B70A9765441}.Release|Any CPU.Build.0 = Release|Any CPU
	EndGlobalSection
EndGlobal
